Microsoft Visual Studio Solution File, Format Version 12.00
# Visual Studio Version 17
VisualStudioVersion = 17.5.2.0
MinimumVisualStudioVersion = 10.0.40219.1
Project("{FAE04EC0-301F-11D3-BF4B-00C04F79EFBC}") = "CodingIntro", "CodingIntro.csproj", "{784E47F0-1C8F-E1C9-B46C-E4041EA5D27A}"
EndProject
Global
	GlobalSection(SolutionConfigurationPlatforms) = preSolution
		Debug|Any CPU = Debug|Any CPU
		Release|Any CPU = Release|Any CPU
	EndGlobalSection
	GlobalSection(ProjectConfigurationPlatforms) = postSolution
		{784E47F0-1C8F-E1C9-B46C-E4041EA5D27A}.Debug|Any CPU.ActiveCfg = Debug|Any CPU
		{784E47F0-1C8F-E1C9-B46C-E4041EA5D27A}.Debug|Any CPU.Build.0 = Debug|Any CPU
		{784E47F0-1C8F-E1C9-B46C-E4041EA5D27A}.Release|Any CPU.ActiveCfg = Release|Any CPU
		{784E47F0-1C8F-E1C9-B46C-E4041EA5D27A}.Release|Any CPU.Build.0 = Release|Any CPU
	EndGlobalSection
	GlobalSection(SolutionProperties) = preSolution
		HideSolutionNode = FALSE
	EndGlobalSection
	GlobalSection(ExtensibilityGlobals) = postSolution
		SolutionGuid = {2626B429-4CA6-4EE2-955E-8ECF05FFC1FB}
	EndGlobalSection
EndGlobal
